
Microsoft Visual Studio Solution File, Format Version 12.00
# Visual Studio Version 16
VisualStudioVersion = 16.0.29009.5
MinimumVisualStudioVersion = 10.0.40219.1
Project("{FAE04EC0-301F-11D3-BF4B-00C04F79EFBC}") = "UnstaticClass", "UnstaticClass\UnstaticClass\UnstaticClass.csproj", "{9260F06A-2B16-4C56-BE32-135F764B6A95}"
EndProject
Project("{FAE04EC0-301F-11D3-BF4B-00C04F79EFBC}") = "UnstaticClass.Test", "UnstaticClass\UnstaticClass.Test\UnstaticClass.Test.csproj", "{40650CBD-2D96-412A-98BB-0423AFC02DE2}"
EndProject
Project("{FAE04EC0-301F-11D3-BF4B-00C04F79EFBC}") = "UnstaticClass.Vsix", "UnstaticClass\UnstaticClass.Vsix\UnstaticClass.Vsix.csproj", "{8FEBCA22-72DE-4596-8490-90D1879BD630}"
EndProject
Global
	GlobalSection(SolutionConfigurationPlatforms) = preSolution
		Debug|Any CPU = Debug|Any CPU
		Release|Any CPU = Release|Any CPU
	EndGlobalSection
	GlobalSection(ProjectConfigurationPlatforms) = postSolution
		{9260F06A-2B16-4C56-BE32-135F764B6A95}.Debug|Any CPU.ActiveCfg = Debug|Any CPU
		{9260F06A-2B16-4C56-BE32-135F764B6A95}.Debug|Any CPU.Build.0 = Debug|Any CPU
		{9260F06A-2B16-4C56-BE32-135F764B6A95}.Release|Any CPU.ActiveCfg = Release|Any CPU
		{9260F06A-2B16-4C56-BE32-135F764B6A95}.Release|Any CPU.Build.0 = Release|Any CPU
		{40650CBD-2D96-412A-98BB-0423AFC02DE2}.Debug|Any CPU.ActiveCfg = Debug|Any CPU
		{40650CBD-2D96-412A-98BB-0423AFC02DE2}.Debug|Any CPU.Build.0 = Debug|Any CPU
		{40650CBD-2D96-412A-98BB-0423AFC02DE2}.Release|Any CPU.ActiveCfg = Release|Any CPU
		{40650CBD-2D96-412A-98BB-0423AFC02DE2}.Release|Any CPU.Build.0 = Release|Any CPU
		{8FEBCA22-72DE-4596-8490-90D1879BD630}.Debug|Any CPU.ActiveCfg = Debug|Any CPU
		{8FEBCA22-72DE-4596-8490-90D1879BD630}.Debug|Any CPU.Build.0 = Debug|Any CPU
		{8FEBCA22-72DE-4596-8490-90D1879BD630}.Release|Any CPU.ActiveCfg = Release|Any CPU
		{8FEBCA22-72DE-4596-8490-90D1879BD630}.Release|Any CPU.Build.0 = Release|Any CPU
	EndGlobalSection
	GlobalSection(SolutionProperties) = preSolution
		HideSolutionNode = FALSE
	EndGlobalSection
	GlobalSection(ExtensibilityGlobals) = postSolution
		SolutionGuid = {548776C6-AF95-4CAD-8741-786166C0BFA6}
	EndGlobalSection
EndGlobal
